<?xml version="1.0" encoding="utf-8"?>
<Project ToolsVersion="4.0" xmlns="http://schemas.microsoft.com/developer/msbuild/2003">
  <ItemGroup>
    <Filter Include="algorithm">
      <UniqueIdentifier>{5ff07045-79ba-4ef2-8ba9-8c0e44846d42}</UniqueIdentifier>
    </Filter>
  </ItemGroup>
  <ItemGroup>
    <ClCompile Include="algorithm\001.two_sum.cpp">
      <Filter>algorithm</Filter>
    </ClCompile>
    <ClCompile Include="algorithm\002.add_two_numbers.cpp">
      <Filter>algorithm</Filter>
    </ClCompile>
    <ClCompile Include="algorithm\003.length_of_longest_substring.cpp">
      <Filter>algorithm</Filter>
    </ClCompile>
    <ClCompile Include="algorithm\004.find_median_sorted_arrays.cpp">
      <Filter>algorithm</Filter>
    </ClCompile>
    <ClCompile Include="algorithm\005.longest_palindrome.cpp">
      <Filter>algorithm</Filter>
    </ClCompile>
    <ClCompile Include="algorithm\006.convert.cpp">
      <Filter>algorithm</Filter>
    </ClCompile>
    <ClCompile Include="algorithm\007.reverse.cpp">
      <Filter>algorithm</Filter>
    </ClCompile>
    <ClCompile Include="algorithm\009.is_palindrome.cpp">
      <Filter>algorithm</Filter>
    </ClCompile>
    <ClCompile Include="algorithm\008.my_atoi.cpp">
      <Filter>algorithm</Filter>
    </ClCompile>
  </ItemGroup>
  <ItemGroup>
    <ClInclude Include="algorithm\common.h">
      <Filter>algorithm</Filter>
    </ClInclude>
  </ItemGroup>
</Project>