<?xml version="1.0" encoding="utf-8"?>
<Project ToolsVersion="4.0" xmlns="http://schemas.microsoft.com/developer/msbuild/2003">
  <ItemGroup>
    <Filter Include="algorithm">
      <UniqueIdentifier>{5ff07045-79ba-4ef2-8ba9-8c0e44846d42}</UniqueIdentifier>
    </Filter>
  </ItemGroup>
  <ItemGroup>
    <ClCompile Include="algorithm\001.two_sum.cpp">
      <Filter>algorithm</Filter>
    </ClCompile>
    <ClCompile Include="algorithm\002.add_two_numbers.cpp">
      <Filter>algorithm</Filter>
    </ClCompile>
    <ClCompile Include="algorithm\003.longest_substring_without_repeating_characters.cpp">
      <Filter>algorithm</Filter>
    </ClCompile>
    <ClCompile Include="algorithm\004.median_of_two_sorted_arrays.cpp">
      <Filter>algorithm</Filter>
    </ClCompile>
    <ClCompile Include="algorithm\005.longest_palindromic_substring.cpp">
      <Filter>algorithm</Filter>
    </ClCompile>
    <ClCompile Include="algorithm\006.zigzag_conversion.cpp">
      <Filter>algorithm</Filter>
    </ClCompile>
    <ClCompile Include="algorithm\007.reverse_integer.cpp">
      <Filter>algorithm</Filter>
    </ClCompile>
    <ClCompile Include="algorithm\008.string_to_integer_atoi.cpp">
      <Filter>algorithm</Filter>
    </ClCompile>
    <ClCompile Include="algorithm\009.palindrome_number.cpp">
      <Filter>algorithm</Filter>
    </ClCompile>
    <ClCompile Include="algorithm\010.regular_expression_matching.cpp">
      <Filter>algorithm</Filter>
    </ClCompile>
    <ClCompile Include="algorithm\011.container_with_most_water.cpp">
      <Filter>algorithm</Filter>
    </ClCompile>
    <ClCompile Include="algorithm\012.integer_to_roman.cpp">
      <Filter>algorithm</Filter>
    </ClCompile>
    <ClCompile Include="algorithm\013.roman_to_integer.cpp">
      <Filter>algorithm</Filter>
    </ClCompile>
    <ClCompile Include="algorithm\014.longest_common_prefix.cpp">
      <Filter>algorithm</Filter>
    </ClCompile>
    <ClCompile Include="algorithm\015.3sum.cpp">
      <Filter>algorithm</Filter>
    </ClCompile>
    <ClCompile Include="algorithm\016.3sum_closest.cpp">
      <Filter>algorithm</Filter>
    </ClCompile>
    <ClCompile Include="algorithm\017.letter_combinations_of_a_phone_number.cpp">
      <Filter>algorithm</Filter>
    </ClCompile>
    <ClCompile Include="algorithm\019.remove_nth_node_from_end_of_list.cpp">
      <Filter>algorithm</Filter>
    </ClCompile>
    <ClCompile Include="algorithm\020.valid_parentheses.cpp">
      <Filter>algorithm</Filter>
    </ClCompile>
    <ClCompile Include="algorithm\021.merge_two_sorted_lists.cpp">
      <Filter>algorithm</Filter>
    </ClCompile>
    <ClCompile Include="algorithm\022.generate_parentheses.cpp">
      <Filter>algorithm</Filter>
    </ClCompile>
    <ClCompile Include="algorithm\common.cpp">
      <Filter>algorithm</Filter>
    </ClCompile>
    <ClCompile Include="algorithm\028.implement_strstr.cpp">
      <Filter>algorithm</Filter>
    </ClCompile>
    <ClCompile Include="algorithm\023.merge_k_sorted_lists.cpp">
      <Filter>algorithm</Filter>
    </ClCompile>
    <ClCompile Include="algorithm\024.swap_nodes_in_pairs.cpp">
      <Filter>algorithm</Filter>
    </ClCompile>
    <ClCompile Include="algorithm\025.reverse_nodes_in_k_group.cpp">
      <Filter>algorithm</Filter>
    </ClCompile>
    <ClCompile Include="algorithm\026.remove_duplicates_from_sorted_array.cpp">
      <Filter>algorithm</Filter>
    </ClCompile>
    <ClCompile Include="algorithm\027.remove_element.cpp">
      <Filter>algorithm</Filter>
    </ClCompile>
    <ClCompile Include="algorithm\029.divide_two_integers.cpp">
      <Filter>algorithm</Filter>
    </ClCompile>
    <ClCompile Include="algorithm\030.substring_with_concatenation_of_all_words.cpp">
      <Filter>algorithm</Filter>
    </ClCompile>
    <ClCompile Include="algorithm\032.longest-valid-parentheses.cpp">
      <Filter>algorithm</Filter>
    </ClCompile>
    <ClCompile Include="algorithm\033.search-in-rotated-sorted-array.cpp">
      <Filter>algorithm</Filter>
    </ClCompile>
    <ClCompile Include="algorithm\034.find-first-and-last-position-of-element-in-sorted-array.cpp">
      <Filter>algorithm</Filter>
    </ClCompile>
    <ClCompile Include="algorithm\035.search-insert-position.cpp">
      <Filter>algorithm</Filter>
    </ClCompile>
    <ClCompile Include="algorithm\036.valid-sudoku.cpp">
      <Filter>algorithm</Filter>
    </ClCompile>
    <ClCompile Include="algorithm\038.count-and-say.cpp">
      <Filter>algorithm</Filter>
    </ClCompile>
    <ClCompile Include="algorithm\039.combination-sum.cpp">
      <Filter>algorithm</Filter>
    </ClCompile>
    <ClCompile Include="algorithm\040.combination-sum-ii.cpp">
      <Filter>algorithm</Filter>
    </ClCompile>
    <ClCompile Include="algorithm\041.first-missing-positive.cpp">
      <Filter>algorithm</Filter>
    </ClCompile>
    <ClCompile Include="algorithm\043.multiply-strings.cpp">
      <Filter>algorithm</Filter>
    </ClCompile>
    <ClCompile Include="algorithm\046.permutations.cpp">
      <Filter>algorithm</Filter>
    </ClCompile>
    <ClCompile Include="algorithm\047.permutations-ii.cpp">
      <Filter>algorithm</Filter>
    </ClCompile>
    <ClCompile Include="algorithm\048.rotate-image.cpp">
      <Filter>algorithm</Filter>
    </ClCompile>
    <ClCompile Include="algorithm\053.maximum-subarray.cpp">
      <Filter>algorithm</Filter>
    </ClCompile>
    <ClCompile Include="algorithm\054.spiral-matrix.cpp">
      <Filter>algorithm</Filter>
    </ClCompile>
    <ClCompile Include="algorithm\055.jump-game.cpp">
      <Filter>algorithm</Filter>
    </ClCompile>
    <ClCompile Include="algorithm\018.4sum.cpp">
      <Filter>algorithm</Filter>
    </ClCompile>
    <ClCompile Include="algorithm\045.jump-game-ii.cpp">
      <Filter>algorithm</Filter>
    </ClCompile>
    <ClCompile Include="algorithm\049.group-anagrams.cpp">
      <Filter>algorithm</Filter>
    </ClCompile>
    <ClCompile Include="algorithm\050.powx-n.cpp">
      <Filter>algorithm</Filter>
    </ClCompile>
    <ClCompile Include="algorithm\056.merge-intervals.cpp">
      <Filter>algorithm</Filter>
    </ClCompile>
    <ClCompile Include="algorithm\057.insert-interval.cpp">
      <Filter>algorithm</Filter>
    </ClCompile>
  </ItemGroup>
  <ItemGroup>
    <ClInclude Include="algorithm\common.h">
      <Filter>algorithm</Filter>
    </ClInclude>
  </ItemGroup>
  <ItemGroup>
    <None Include="packages.config" />
  </ItemGroup>
</Project>